
Microsoft Visual Studio Solution File, Format Version 12.00
# Visual Studio Version 17
VisualStudioVersion = 17.1.32228.430
MinimumVisualStudioVersion = 10.0.40219.1
Project("{9A19103F-16F7-4668-BE54-9A1E7A4F7556}") = "Auth.API", "Auth.API\Auth.API.csproj", "{185A4B47-5A0C-4432-A8D8-ECED57FA91EB}"
EndProject
Project("{9A19103F-16F7-4668-BE54-9A1E7A4F7556}") = "Auth.Infra", "Auth.Infra\Auth.Infra.csproj", "{7E683627-DB45-48B1-A193-482F364E63A6}"
EndProject
Project("{9A19103F-16F7-4668-BE54-9A1E7A4F7556}") = "Auth.Domain", "Auth.Domain\Auth.Domain.csproj", "{CC9517C9-07C3-41B5-895B-B6DCE0DAD210}"
EndProject
Project("{9A19103F-16F7-4668-BE54-9A1E7A4F7556}") = "Auth.Business", "Auth.Business\Auth.Business.csproj", "{A3EAB651-7C3C-4FC0-BBF1-E311A866BF14}"
EndProject
Global
	GlobalSection(SolutionConfigurationPlatforms) = preSolution
		Debug|Any CPU = Debug|Any CPU
		Release|Any CPU = Release|Any CPU
	EndGlobalSection
	GlobalSection(ProjectConfigurationPlatforms) = postSolution
		{185A4B47-5A0C-4432-A8D8-ECED57FA91EB}.Debug|Any CPU.ActiveCfg = Debug|Any CPU
		{185A4B47-5A0C-4432-A8D8-ECED57FA91EB}.Debug|Any CPU.Build.0 = Debug|Any CPU
		{185A4B47-5A0C-4432-A8D8-ECED57FA91EB}.Release|Any CPU.ActiveCfg = Release|Any CPU
		{185A4B47-5A0C-4432-A8D8-ECED57FA91EB}.Release|Any CPU.Build.0 = Release|Any CPU
		{7E683627-DB45-48B1-A193-482F364E63A6}.Debug|Any CPU.ActiveCfg = Debug|Any CPU
		{7E683627-DB45-48B1-A193-482F364E63A6}.Debug|Any CPU.Build.0 = Debug|Any CPU
		{7E683627-DB45-48B1-A193-482F364E63A6}.Release|Any CPU.ActiveCfg = Release|Any CPU
		{7E683627-DB45-48B1-A193-482F364E63A6}.Release|Any CPU.Build.0 = Release|Any CPU
		{CC9517C9-07C3-41B5-895B-B6DCE0DAD210}.Debug|Any CPU.ActiveCfg = Debug|Any CPU
		{CC9517C9-07C3-41B5-895B-B6DCE0DAD210}.Debug|Any CPU.Build.0 = Debug|Any CPU
		{CC9517C9-07C3-41B5-895B-B6DCE0DAD210}.Release|Any CPU.ActiveCfg = Release|Any CPU
		{CC9517C9-07C3-41B5-895B-B6DCE0DAD210}.Release|Any CPU.Build.0 = Release|Any CPU
		{A3EAB651-7C3C-4FC0-BBF1-E311A866BF14}.Debug|Any CPU.ActiveCfg = Debug|Any CPU
		{A3EAB651-7C3C-4FC0-BBF1-E311A866BF14}.Debug|Any CPU.Build.0 = Debug|Any CPU
		{A3EAB651-7C3C-4FC0-BBF1-E311A866BF14}.Release|Any CPU.ActiveCfg = Release|Any CPU
		{A3EAB651-7C3C-4FC0-BBF1-E311A866BF14}.Release|Any CPU.Build.0 = Release|Any CPU
	EndGlobalSection
	GlobalSection(SolutionProperties) = preSolution
		HideSolutionNode = FALSE
	EndGlobalSection
	GlobalSection(ExtensibilityGlobals) = postSolution
		SolutionGuid = {175655A5-7CAB-46C7-A515-21C71A5B07EA}
	EndGlobalSection
EndGlobal
